
Microsoft Visual Studio Solution File, Format Version 12.00
# Visual Studio Version 16
VisualStudioVersion = 25.0.1704.0
MinimumVisualStudioVersion = 10.0.40219.1
Project("{FAE04EC0-301F-11D3-BF4B-00C04F79EFBC}") = "Angular-Azure-Microservices", "Angular-Azure-Microservices\Angular-Azure-Microservices.csproj", "{9C8E5007-3C6C-4031-8E0D-FA18826C8A4D}"
EndProject
Global
	GlobalSection(SolutionConfigurationPlatforms) = preSolution
		Debug|Any CPU = Debug|Any CPU
		Release|Any CPU = Release|Any CPU
	EndGlobalSection
	GlobalSection(ProjectConfigurationPlatforms) = postSolution
		{9C8E5007-3C6C-4031-8E0D-FA18826C8A4D}.Debug|Any CPU.ActiveCfg = Debug|Any CPU
		{9C8E5007-3C6C-4031-8E0D-FA18826C8A4D}.Debug|Any CPU.Build.0 = Debug|Any CPU
		{9C8E5007-3C6C-4031-8E0D-FA18826C8A4D}.Release|Any CPU.ActiveCfg = Release|Any CPU
		{9C8E5007-3C6C-4031-8E0D-FA18826C8A4D}.Release|Any CPU.Build.0 = Release|Any CPU
	EndGlobalSection
	GlobalSection(SolutionProperties) = preSolution
		HideSolutionNode = FALSE
	EndGlobalSection
	GlobalSection(ExtensibilityGlobals) = postSolution
		SolutionGuid = {C9BF17BC-0618-4999-BB36-80A65084C622}
	EndGlobalSection
EndGlobal
